
Microsoft Visual Studio Solution File, Format Version 12.00
# Visual Studio Version 17
VisualStudioVersion = 17.4.33213.308
MinimumVisualStudioVersion = 10.0.40219.1
Project("{FAE04EC0-301F-11D3-BF4B-00C04F79EFBC}") = "CodeChallengeDemo", "CodeChallengeDemo\CodeChallengeDemo.csproj", "{ADFAB357-9062-4F5E-ADC3-0592FB473975}"
EndProject
Project("{FAE04EC0-301F-11D3-BF4B-00C04F79EFBC}") = "CodeChallenge.Application", "CodeChallenge.Application\CodeChallenge.Application.csproj", "{1F5C422D-4604-4C43-9DEA-991329D4E855}"
EndProject
Project("{FAE04EC0-301F-11D3-BF4B-00C04F79EFBC}") = "CodeChallenge.Domain", "CodeChallenge.Domain\CodeChallenge.Domain.csproj", "{558B89F9-74DB-4CD5-9C48-9ED501EF8E05}"
EndProject
Project("{FAE04EC0-301F-11D3-BF4B-00C04F79EFBC}") = "CodeChallenge.Infrastructure", "CodeChallenge.Infrastructure\CodeChallenge.Infrastructure.csproj", "{7437AB0F-A105-4304-B964-18787483FA59}"
EndProject
Project("{FAE04EC0-301F-11D3-BF4B-00C04F79EFBC}") = "CodeChallenge.UnitTest", "CodeChallenge.UnitTest\CodeChallenge.UnitTest.csproj", "{A9E129E9-4583-4561-B76F-05D77C9647E2}"
EndProject
Global
	GlobalSection(SolutionConfigurationPlatforms) = preSolution
		Debug|Any CPU = Debug|Any CPU
		Release|Any CPU = Release|Any CPU
	EndGlobalSection
	GlobalSection(ProjectConfigurationPlatforms) = postSolution
		{ADFAB357-9062-4F5E-ADC3-0592FB473975}.Debug|Any CPU.ActiveCfg = Debug|Any CPU
		{ADFAB357-9062-4F5E-ADC3-0592FB473975}.Debug|Any CPU.Build.0 = Debug|Any CPU
		{ADFAB357-9062-4F5E-ADC3-0592FB473975}.Release|Any CPU.ActiveCfg = Release|Any CPU
		{ADFAB357-9062-4F5E-ADC3-0592FB473975}.Release|Any CPU.Build.0 = Release|Any CPU
		{1F5C422D-4604-4C43-9DEA-991329D4E855}.Debug|Any CPU.ActiveCfg = Debug|Any CPU
		{1F5C422D-4604-4C43-9DEA-991329D4E855}.Debug|Any CPU.Build.0 = Debug|Any CPU
		{1F5C422D-4604-4C43-9DEA-991329D4E855}.Release|Any CPU.ActiveCfg = Release|Any CPU
		{1F5C422D-4604-4C43-9DEA-991329D4E855}.Release|Any CPU.Build.0 = Release|Any CPU
		{558B89F9-74DB-4CD5-9C48-9ED501EF8E05}.Debug|Any CPU.ActiveCfg = Debug|Any CPU
		{558B89F9-74DB-4CD5-9C48-9ED501EF8E05}.Debug|Any CPU.Build.0 = Debug|Any CPU
		{558B89F9-74DB-4CD5-9C48-9ED501EF8E05}.Release|Any CPU.ActiveCfg = Release|Any CPU
		{558B89F9-74DB-4CD5-9C48-9ED501EF8E05}.Release|Any CPU.Build.0 = Release|Any CPU
		{7437AB0F-A105-4304-B964-18787483FA59}.Debug|Any CPU.ActiveCfg = Debug|Any CPU
		{7437AB0F-A105-4304-B964-18787483FA59}.Debug|Any CPU.Build.0 = Debug|Any CPU
		{7437AB0F-A105-4304-B964-18787483FA59}.Release|Any CPU.ActiveCfg = Release|Any CPU
		{7437AB0F-A105-4304-B964-18787483FA59}.Release|Any CPU.Build.0 = Release|Any CPU
		{A9E129E9-4583-4561-B76F-05D77C9647E2}.Debug|Any CPU.ActiveCfg = Debug|Any CPU
		{A9E129E9-4583-4561-B76F-05D77C9647E2}.Debug|Any CPU.Build.0 = Debug|Any CPU
		{A9E129E9-4583-4561-B76F-05D77C9647E2}.Release|Any CPU.ActiveCfg = Release|Any CPU
		{A9E129E9-4583-4561-B76F-05D77C9647E2}.Release|Any CPU.Build.0 = Release|Any CPU
	EndGlobalSection
	GlobalSection(SolutionProperties) = preSolution
		HideSolutionNode = FALSE
	EndGlobalSection
	GlobalSection(ExtensibilityGlobals) = postSolution
		SolutionGuid = {6E39ACAB-576C-41DE-9B85-B169E363D92F}
	EndGlobalSection
EndGlobal
